Microsoft Visual Studio Solution File, Format Version 12.00
# Visual Studio Version 17
VisualStudioVersion = 17.5.2.0
MinimumVisualStudioVersion = 10.0.40219.1
Project("{FAE04EC0-301F-11D3-BF4B-00C04F79EFBC}") = "MonPremierApi", "MonPremierApi.csproj", "{1B94B4A9-CD97-19B1-3CFC-A360DD2679AF}"
EndProject
Global
	GlobalSection(SolutionConfigurationPlatforms) = preSolution
		Debug|Any CPU = Debug|Any CPU
		Release|Any CPU = Release|Any CPU
	EndGlobalSection
	GlobalSection(ProjectConfigurationPlatforms) = postSolution
		{1B94B4A9-CD97-19B1-3CFC-A360DD2679AF}.Debug|Any CPU.ActiveCfg = Debug|Any CPU
		{1B94B4A9-CD97-19B1-3CFC-A360DD2679AF}.Debug|Any CPU.Build.0 = Debug|Any CPU
		{1B94B4A9-CD97-19B1-3CFC-A360DD2679AF}.Release|Any CPU.ActiveCfg = Release|Any CPU
		{1B94B4A9-CD97-19B1-3CFC-A360DD2679AF}.Release|Any CPU.Build.0 = Release|Any CPU
	EndGlobalSection
	GlobalSection(SolutionProperties) = preSolution
		HideSolutionNode = FALSE
	EndGlobalSection
	GlobalSection(ExtensibilityGlobals) = postSolution
		SolutionGuid = {3DF29C4E-2582-4891-98C5-A1D7F141BF05}
	EndGlobalSection
EndGlobal
